
Microsoft Visual Studio Solution File, Format Version 12.00
# Visual Studio Version 17
VisualStudioVersion = 17.0.31903.59
MinimumVisualStudioVersion = 10.0.40219.1
Project("{9A19103F-16F7-4668-BE54-9A1E7A4F7556}") = "NewBlood.Interop.Steamworks.Generator", "sources\NewBlood.Interop.Steamworks.Generator\NewBlood.Interop.Steamworks.Generator.csproj", "{5AFF74A5-3FFB-4FFB-A0FB-987629AF9A1A}"
EndProject
Project("{9A19103F-16F7-4668-BE54-9A1E7A4F7556}") = "NewBlood.Interop.Steamworks", "sources\NewBlood.Interop.Steamworks\NewBlood.Interop.Steamworks.csproj", "{8DCDB5A0-7F67-4B66-BC9A-34994BAB7C24}"
EndProject
Project("{FAE04EC0-301F-11D3-BF4B-00C04F79EFBC}") = "NewBlood.Interop.Steamworks.SourceGenerator", "sources\NewBlood.Interop.Steamworks.SourceGenerator\NewBlood.Interop.Steamworks.SourceGenerator.csproj", "{55B3671A-2F43-4FA3-9B6E-76755F0951F3}"
EndProject
Global
	GlobalSection(SolutionConfigurationPlatforms) = preSolution
		Debug|Any CPU = Debug|Any CPU
		Release|Any CPU = Release|Any CPU
	EndGlobalSection
	GlobalSection(SolutionProperties) = preSolution
		HideSolutionNode = FALSE
	EndGlobalSection
	GlobalSection(ProjectConfigurationPlatforms) = postSolution
		{5AFF74A5-3FFB-4FFB-A0FB-987629AF9A1A}.Debug|Any CPU.ActiveCfg = Debug|Any CPU
		{5AFF74A5-3FFB-4FFB-A0FB-987629AF9A1A}.Debug|Any CPU.Build.0 = Debug|Any CPU
		{5AFF74A5-3FFB-4FFB-A0FB-987629AF9A1A}.Release|Any CPU.ActiveCfg = Release|Any CPU
		{5AFF74A5-3FFB-4FFB-A0FB-987629AF9A1A}.Release|Any CPU.Build.0 = Release|Any CPU
		{8DCDB5A0-7F67-4B66-BC9A-34994BAB7C24}.Debug|Any CPU.ActiveCfg = Debug|Any CPU
		{8DCDB5A0-7F67-4B66-BC9A-34994BAB7C24}.Debug|Any CPU.Build.0 = Debug|Any CPU
		{8DCDB5A0-7F67-4B66-BC9A-34994BAB7C24}.Release|Any CPU.ActiveCfg = Release|Any CPU
		{8DCDB5A0-7F67-4B66-BC9A-34994BAB7C24}.Release|Any CPU.Build.0 = Release|Any CPU
		{55B3671A-2F43-4FA3-9B6E-76755F0951F3}.Debug|Any CPU.ActiveCfg = Debug|Any CPU
		{55B3671A-2F43-4FA3-9B6E-76755F0951F3}.Debug|Any CPU.Build.0 = Debug|Any CPU
		{55B3671A-2F43-4FA3-9B6E-76755F0951F3}.Release|Any CPU.ActiveCfg = Release|Any CPU
		{55B3671A-2F43-4FA3-9B6E-76755F0951F3}.Release|Any CPU.Build.0 = Release|Any CPU
	EndGlobalSection
	GlobalSection(NestedProjects) = preSolution
		{55B3671A-2F43-4FA3-9B6E-76755F0951F3} = {D09E2553-CFD5-4F86-9189-C1227959F219}
	EndGlobalSection
EndGlobal
